
Microsoft Visual Studio Solution File, Format Version 12.00
# Visual Studio Version 17
VisualStudioVersion = 17.14.36518.9 d17.14
MinimumVisualStudioVersion = 10.0.40219.1
Project("{FAE04EC0-301F-11D3-BF4B-00C04F79EFBC}") = "ESERCIZI-ARRAY2.0", "ESERCIZI-ARRAY2.0\ESERCIZI-ARRAY2.0.csproj", "{AFCE5F9B-F93A-4E5A-8136-152B919C73C0}"
EndProject
Global
	GlobalSection(SolutionConfigurationPlatforms) = preSolution
		Debug|Any CPU = Debug|Any CPU
		Release|Any CPU = Release|Any CPU
	EndGlobalSection
	GlobalSection(ProjectConfigurationPlatforms) = postSolution
		{AFCE5F9B-F93A-4E5A-8136-152B919C73C0}.Debug|Any CPU.ActiveCfg = Debug|Any CPU
		{AFCE5F9B-F93A-4E5A-8136-152B919C73C0}.Debug|Any CPU.Build.0 = Debug|Any CPU
		{AFCE5F9B-F93A-4E5A-8136-152B919C73C0}.Release|Any CPU.ActiveCfg = Release|Any CPU
		{AFCE5F9B-F93A-4E5A-8136-152B919C73C0}.Release|Any CPU.Build.0 = Release|Any CPU
	EndGlobalSection
	GlobalSection(SolutionProperties) = preSolution
		HideSolutionNode = FALSE
	EndGlobalSection
	GlobalSection(ExtensibilityGlobals) = postSolution
		SolutionGuid = {289102A0-FC47-4DB2-B1F8-7D88D8D31A49}
	EndGlobalSection
EndGlobal
